
Microsoft Visual Studio Solution File, Format Version 12.00
# Visual Studio 15
VisualStudioVersion = 15.0.28307.489
MinimumVisualStudioVersion = 10.0.40219.1
Project("{FAE04EC0-301F-11D3-BF4B-00C04F79EFBC}") = "Eleven.VS", "Eleven.VS\Eleven.VS.csproj", "{6623F409-6DA8-4CB7-8FA2-56053BD7AB78}"
EndProject
Project("{FAE04EC0-301F-11D3-BF4B-00C04F79EFBC}") = "Eleven.VS.Templates.Cqrs.Package", "Eleven.VS.Templates.Cqrs.Package\Eleven.VS.Templates.Cqrs.Package.csproj", "{50897B2E-8F25-42A4-87E3-B70F2E2F2B53}"
EndProject
Project("{FAE04EC0-301F-11D3-BF4B-00C04F79EFBC}") = "Eleven.VS.Templates.Cqrs.Wizard", "Eleven.VS.Templates.Cqrs.Wizard\Eleven.VS.Templates.Cqrs.Wizard.csproj", "{CDC2A2F6-4215-4067-8FB6-05CC65E68758}"
EndProject
Global
	GlobalSection(SolutionConfigurationPlatforms) = preSolution
		Debug|Any CPU = Debug|Any CPU
		Release|Any CPU = Release|Any CPU
	EndGlobalSection
	GlobalSection(ProjectConfigurationPlatforms) = postSolution
		{6623F409-6DA8-4CB7-8FA2-56053BD7AB78}.Debug|Any CPU.ActiveCfg = Debug|Any CPU
		{6623F409-6DA8-4CB7-8FA2-56053BD7AB78}.Debug|Any CPU.Build.0 = Debug|Any CPU
		{6623F409-6DA8-4CB7-8FA2-56053BD7AB78}.Release|Any CPU.ActiveCfg = Release|Any CPU
		{6623F409-6DA8-4CB7-8FA2-56053BD7AB78}.Release|Any CPU.Build.0 = Release|Any CPU
		{50897B2E-8F25-42A4-87E3-B70F2E2F2B53}.Debug|Any CPU.ActiveCfg = Debug|Any CPU
		{50897B2E-8F25-42A4-87E3-B70F2E2F2B53}.Debug|Any CPU.Build.0 = Debug|Any CPU
		{50897B2E-8F25-42A4-87E3-B70F2E2F2B53}.Release|Any CPU.ActiveCfg = Release|Any CPU
		{50897B2E-8F25-42A4-87E3-B70F2E2F2B53}.Release|Any CPU.Build.0 = Release|Any CPU
		{CDC2A2F6-4215-4067-8FB6-05CC65E68758}.Debug|Any CPU.ActiveCfg = Debug|Any CPU
		{CDC2A2F6-4215-4067-8FB6-05CC65E68758}.Debug|Any CPU.Build.0 = Debug|Any CPU
		{CDC2A2F6-4215-4067-8FB6-05CC65E68758}.Release|Any CPU.ActiveCfg = Release|Any CPU
		{CDC2A2F6-4215-4067-8FB6-05CC65E68758}.Release|Any CPU.Build.0 = Release|Any CPU
	EndGlobalSection
	GlobalSection(SolutionProperties) = preSolution
		HideSolutionNode = FALSE
	EndGlobalSection
	GlobalSection(ExtensibilityGlobals) = postSolution
		SolutionGuid = {B7B9CE76-511D-49B6-AD3A-CEA555521024}
	EndGlobalSection
EndGlobal
